
Microsoft Visual Studio Solution File, Format Version 12.00
# Visual Studio Version 17
VisualStudioVersion = 17.0.32112.339
MinimumVisualStudioVersion = 10.0.40219.1
Project("{FAE04EC0-301F-11D3-BF4B-00C04F79EFBC}") = "Beadandó", "Beadandó\Beadandó.csproj", "{726B6D0D-A946-4C5F-8AB8-35C07E6AB2F3}"
EndProject
Global
	GlobalSection(SolutionConfigurationPlatforms) = preSolution
		Debug|Any CPU = Debug|Any CPU
		Release|Any CPU = Release|Any CPU
	EndGlobalSection
	GlobalSection(ProjectConfigurationPlatforms) = postSolution
		{726B6D0D-A946-4C5F-8AB8-35C07E6AB2F3}.Debug|Any CPU.ActiveCfg = Debug|Any CPU
		{726B6D0D-A946-4C5F-8AB8-35C07E6AB2F3}.Debug|Any CPU.Build.0 = Debug|Any CPU
		{726B6D0D-A946-4C5F-8AB8-35C07E6AB2F3}.Release|Any CPU.ActiveCfg = Release|Any CPU
		{726B6D0D-A946-4C5F-8AB8-35C07E6AB2F3}.Release|Any CPU.Build.0 = Release|Any CPU
	EndGlobalSection
	GlobalSection(SolutionProperties) = preSolution
		HideSolutionNode = FALSE
	EndGlobalSection
	GlobalSection(ExtensibilityGlobals) = postSolution
		SolutionGuid = {BF52D274-214D-48C1-AE4F-5DF9E4EB7A36}
	EndGlobalSection
EndGlobal
